
Microsoft Visual Studio Solution File, Format Version 12.00
# Visual Studio Version 16
VisualStudioVersion = 16.0.29709.97
MinimumVisualStudioVersion = 10.0.40219.1
Project("{FAE04EC0-301F-11D3-BF4B-00C04F79EFBC}") = "DeepDiveWeekVisualStudioDeploy", "DeepDiveWeekVisualStudioDeploy.csproj", "{97ADE95C-2EB5-40DF-B652-B7E866545616}"
EndProject
Global
	GlobalSection(SolutionConfigurationPlatforms) = preSolution
		Debug|Any CPU = Debug|Any CPU
		Release|Any CPU = Release|Any CPU
	EndGlobalSection
	GlobalSection(ProjectConfigurationPlatforms) = postSolution
		{97ADE95C-2EB5-40DF-B652-B7E866545616}.Debug|Any CPU.ActiveCfg = Debug|Any CPU
		{97ADE95C-2EB5-40DF-B652-B7E866545616}.Debug|Any CPU.Build.0 = Debug|Any CPU
		{97ADE95C-2EB5-40DF-B652-B7E866545616}.Release|Any CPU.ActiveCfg = Release|Any CPU
		{97ADE95C-2EB5-40DF-B652-B7E866545616}.Release|Any CPU.Build.0 = Release|Any CPU
	EndGlobalSection
	GlobalSection(SolutionProperties) = preSolution
		HideSolutionNode = FALSE
	EndGlobalSection
	GlobalSection(ExtensibilityGlobals) = postSolution
		SolutionGuid = {7D678486-6D2B-4CEC-846D-23991FD3A555}
	EndGlobalSection
EndGlobal
