
Microsoft Visual Studio Solution File, Format Version 12.00
# Visual Studio Version 16
VisualStudioVersion = 16.0.29709.97
MinimumVisualStudioVersion = 10.0.40219.1
Project("{FAE04EC0-301F-11D3-BF4B-00C04F79EFBC}") = "DeepDiveWeekFunctionVisualStudio", "DeepDiveWeekFunctionVisualStudio.csproj", "{7F6C9BC3-6CAD-42FE-89C1-4D24B6501659}"
EndProject
Global
	GlobalSection(SolutionConfigurationPlatforms) = preSolution
		Debug|Any CPU = Debug|Any CPU
		Release|Any CPU = Release|Any CPU
	EndGlobalSection
	GlobalSection(ProjectConfigurationPlatforms) = postSolution
		{7F6C9BC3-6CAD-42FE-89C1-4D24B6501659}.Debug|Any CPU.ActiveCfg = Debug|Any CPU
		{7F6C9BC3-6CAD-42FE-89C1-4D24B6501659}.Debug|Any CPU.Build.0 = Debug|Any CPU
		{7F6C9BC3-6CAD-42FE-89C1-4D24B6501659}.Release|Any CPU.ActiveCfg = Release|Any CPU
		{7F6C9BC3-6CAD-42FE-89C1-4D24B6501659}.Release|Any CPU.Build.0 = Release|Any CPU
	EndGlobalSection
	GlobalSection(SolutionProperties) = preSolution
		HideSolutionNode = FALSE
	EndGlobalSection
	GlobalSection(ExtensibilityGlobals) = postSolution
		SolutionGuid = {BEE1B086-CF7B-4817-9169-4B3FB434FC83}
	EndGlobalSection
EndGlobal
